// !$*UTF8*$!
{
	archiveVersion = 1;
	classes = {
	};
	objectVersion = 56;
	objects = {

/* Begin PBXBuildFile section */
		C1E63D652A9B7F5500108995 /* ViewScreen.swift in Sources */ = {isa = PBXBuildFile; fileRef = C1E63D642A9B7F5500108995 /* ViewScreen.swift */; };
		C1F4DFB82A7F1ED800B25E23 /* since_you_upApp.swift in Sources */ = {isa = PBXBuildFile; fileRef = C1F4DFB72A7F1ED800B25E23 /* since_you_upApp.swift */; };
		C1F4DFBA2A7F1ED800B25E23 /* ContentView.swift in Sources */ = {isa = PBXBuildFile; fileRef = C1F4DFB92A7F1ED800B25E23 /* ContentView.swift */; };
		C1F4DFBC2A7F1ED900B25E23 /* Assets.xcassets in Resources */ = {isa = PBXBuildFile; fileRef = C1F4DFBB2A7F1ED900B25E23 /* Assets.xcassets */; };
		C1F4DFC02A7F1ED900B25E23 /* Preview Assets.xcassets in Resources */ = {isa = PBXBuildFile; fileRef = C1F4DFBF2A7F1ED900B25E23 /* Preview Assets.xcassets */; };
		C1F4DFCA2A7F1ED900B25E23 /* since_you_upTests.swift in Sources */ = {isa = PBXBuildFile; fileRef = C1F4DFC92A7F1ED900B25E23 /* since_you_upTests.swift */; };
		C1F4DFD42A7F1ED900B25E23 /* since_you_upUITests.swift in Sources */ = {isa = PBXBuildFile; fileRef = C1F4DFD32A7F1ED900B25E23 /* since_you_upUITests.swift */; };
		C1F4DFD62A7F1ED900B25E23 /* since_you_upUITestsLaunchTests.swift in Sources */ = {isa = PBXBuildFile; fileRef = C1F4DFD52A7F1ED900B25E23 /* since_you_upUITestsLaunchTests.swift */; };
/* End PBXBuildFile section */

/* Begin PBXContainerItemProxy section */
		C1F4DFC62A7F1ED900B25E23 /* PBXContainerItemProxy */ = {
			isa = PBXContainerItemProxy;
			containerPortal = C1F4DFAC2A7F1ED800B25E23 /* Project object */;
			proxyType = 1;
			remoteGlobalIDString = C1F4DFB32A7F1ED800B25E23;
			remoteInfo = "since-you-up";
		};
		C1F4DFD02A7F1ED900B25E23 /* PBXContainerItemProxy */ = {
			isa = PBXContainerItemProxy;
			containerPortal = C1F4DFAC2A7F1ED800B25E23 /* Project object */;
			proxyType = 1;
			remoteGlobalIDString = C1F4DFB32A7F1ED800B25E23;
			remoteInfo = "since-you-up";
		};
/* End PBXContainerItemProxy section */

/* Begin PBXFileReference section */
		C1E63D642A9B7F5500108995 /* ViewScreen.swift */ = {isa = PBXFileReference; lastKnownFileType = sourcecode.swift; path = ViewScreen.swift; sourceTree = "<group>"; };
		C1F4DFB42A7F1ED800B25E23 /* since-you-up.app */ = {isa = PBXFileReference; explicitFileType = wrapper.application; includeInIndex = 0; path = "since-you-up.app"; sourceTree = BUILT_PRODUCTS_DIR; };
		C1F4DFB72A7F1ED800B25E23 /* since_you_upApp.swift */ = {isa = PBXFileReference; lastKnownFileType = sourcecode.swift; path = since_you_upApp.swift; sourceTree = "<group>"; };
		C1F4DFB92A7F1ED800B25E23 /* ContentView.swift */ = {isa = PBXFileReference; lastKnownFileType = sourcecode.swift; path = ContentView.swift; sourceTree = "<group>"; };
		C1F4DFBB2A7F1ED900B25E23 /* Assets.xcassets */ = {isa = PBXFileReference; lastKnownFileType = folder.assetcatalog; path = Assets.xcassets; sourceTree = "<group>"; };
		C1F4DFBD2A7F1ED900B25E23 /* since_you_up.entitlements */ = {isa = PBXFileReference; lastKnownFileType = text.plist.entitlements; path = since_you_up.entitlements; sourceTree = "<group>"; };
		C1F4DFBF2A7F1ED900B25E23 /* Preview Assets.xcassets */ = {isa = PBXFileReference; lastKnownFileType = folder.assetcatalog; path = "Preview Assets.xcassets"; sourceTree = "<group>"; };
		C1F4DFC52A7F1ED900B25E23 /* since-you-upTests.xctest */ = {isa = PBXFileReference; explicitFileType = wrapper.cfbundle; includeInIndex = 0; path = "since-you-upTests.xctest"; sourceTree = BUILT_PRODUCTS_DIR; };
		C1F4DFC92A7F1ED900B25E23 /* since_you_upTests.swift */ = {isa = PBXFileReference; lastKnownFileType = sourcecode.swift; path = since_you_upTests.swift; sourceTree = "<group>"; };
		C1F4DFCF2A7F1ED900B25E23 /* since-you-upUITests.xctest */ = {isa = PBXFileReference; explicitFileType = wrapper.cfbundle; includeInIndex = 0; path = "since-you-upUITests.xctest"; sourceTree = BUILT_PRODUCTS_DIR; };
		C1F4DFD32A7F1ED900B25E23 /* since_you_upUITests.swift */ = {isa = PBXFileReference; lastKnownFileType = sourcecode.swift; path = since_you_upUITests.swift; sourceTree = "<group>"; };
		C1F4DFD52A7F1ED900B25E23 /* since_you_upUITestsLaunchTests.swift */ = {isa = PBXFileReference; lastKnownFileType = sourcecode.swift; path = since_you_upUITestsLaunchTests.swift; sourceTree = "<group>"; };
/* End PBXFileReference section */

/* Begin PBXFrameworksBuildPhase section */
		C1F4DFB12A7F1ED800B25E23 /* Frameworks */ = {
			isa = PBXFrameworksBuildPhase;
			buildActionMask = 2147483647;
			files = (
			);
			runOnlyForDeploymentPostprocessing = 0;
		};
		C1F4DFC22A7F1ED900B25E23 /* Frameworks */ = {
			isa = PBXFrameworksBuildPhase;
			buildActionMask = 2147483647;
			files = (
			);
			runOnlyForDeploymentPostprocessing = 0;
		};
		C1F4DFCC2A7F1ED900B25E23 /* Frameworks */ = {
			isa = PBXFrameworksBuildPhase;
			buildActionMask = 2147483647;
			files = (
			);
			runOnlyForDeploymentPostprocessing = 0;
		};
/* End PBXFrameworksBuildPhase section */

/* Begin PBXGroup section */
		C1F4DFAB2A7F1ED800B25E23 = {
			isa = PBXGroup;
			children = (
				C1F4DFB62A7F1ED800B25E23 /* since-you-up */,
				C1F4DFC82A7F1ED900B25E23 /* since-you-upTests */,
				C1F4DFD22A7F1ED900B25E23 /* since-you-upUITests */,
				C1F4DFB52A7F1ED800B25E23 /* Products */,
			);
			sourceTree = "<group>";
		};
		C1F4DFB52A7F1ED800B25E23 /* Products */ = {
			isa = PBXGroup;
			children = (
				C1F4DFB42A7F1ED800B25E23 /* since-you-up.app */,
				C1F4DFC52A7F1ED900B25E23 /* since-you-upTests.xctest */,
				C1F4DFCF2A7F1ED900B25E23 /* since-you-upUITests.xctest */,
			);
			name = Products;
			sourceTree = "<group>";
		};
		C1F4DFB62A7F1ED800B25E23 /* since-you-up */ = {
			isa = PBXGroup;
			children = (
				C1F4DFB72A7F1ED800B25E23 /* since_you_upApp.swift */,
				C1F4DFB92A7F1ED800B25E23 /* ContentView.swift */,
				C1F4DFBB2A7F1ED900B25E23 /* Assets.xcassets */,
				C1F4DFBD2A7F1ED900B25E23 /* since_you_up.entitlements */,
				C1F4DFBE2A7F1ED900B25E23 /* Preview Content */,
				C1E63D642A9B7F5500108995 /* ViewScreen.swift */,
			);
			path = "since-you-up";
			sourceTree = "<group>";
		};
		C1F4DFBE2A7F1ED900B25E23 /* Preview Content */ = {
			isa = PBXGroup;
			children = (
				C1F4DFBF2A7F1ED900B25E23 /* Preview Assets.xcassets */,
			);
			path = "Preview Content";
			sourceTree = "<group>";
		};
		C1F4DFC82A7F1ED900B25E23 /* since-you-upTests */ = {
			isa = PBXGroup;
			children = (
				C1F4DFC92A7F1ED900B25E23 /* since_you_upTests.swift */,
			);
			path = "since-you-upTests";
			sourceTree = "<group>";
		};
		C1F4DFD22A7F1ED900B25E23 /* since-you-upUITests */ = {
			isa = PBXGroup;
			children = (
				C1F4DFD32A7F1ED900B25E23 /* since_you_upUITests.swift */,
				C1F4DFD52A7F1ED900B25E23 /* since_you_upUITestsLaunchTests.swift */,
			);
			path = "since-you-upUITests";
			sourceTree = "<group>";
		};
/* End PBXGroup section */

/* Begin PBXNativeTarget section */
		C1F4DFB32A7F1ED800B25E23 /* since-you-up */ = {
			isa = PBXNativeTarget;
			buildConfigurationList = C1F4DFD92A7F1ED900B25E23 /* Build configuration list for PBXNativeTarget "since-you-up" */;
			buildPhases = (
				C1F4DFB02A7F1ED800B25E23 /* Sources */,
				C1F4DFB12A7F1ED800B25E23 /* Frameworks */,
				C1F4DFB22A7F1ED800B25E23 /* Resources */,
			);
			buildRules = (
			);
			dependencies = (
			);
			name = "since-you-up";
			productName = "since-you-up";
			productReference = C1F4DFB42A7F1ED800B25E23 /* since-you-up.app */;
			productType = "com.apple.product-type.application";
		};
		C1F4DFC42A7F1ED900B25E23 /* since-you-upTests */ = {
			isa = PBXNativeTarget;
			buildConfigurationList = C1F4DFDC2A7F1ED900B25E23 /* Build configuration list for PBXNativeTarget "since-you-upTests" */;
			buildPhases = (
				C1F4DFC12A7F1ED900B25E23 /* Sources */,
				C1F4DFC22A7F1ED900B25E23 /* Frameworks */,
				C1F4DFC32A7F1ED900B25E23 /* Resources */,
			);
			buildRules = (
			);
			dependencies = (
				C1F4DFC72A7F1ED900B25E23 /* PBXTargetDependency */,
			);
			name = "since-you-upTests";
			productName = "since-you-upTests";
			productReference = C1F4DFC52A7F1ED900B25E23 /* since-you-upTests.xctest */;
			productType = "com.apple.product-type.bundle.unit-test";
		};
		C1F4DFCE2A7F1ED900B25E23 /* since-you-upUITests */ = {
			isa = PBXNativeTarget;
			buildConfigurationList = C1F4DFDF2A7F1ED900B25E23 /* Build configuration list for PBXNativeTarget "since-you-upUITests" */;
			buildPhases = (
				C1F4DFCB2A7F1ED900B25E23 /* Sources */,
				C1F4DFCC2A7F1ED900B25E23 /* Frameworks */,
				C1F4DFCD2A7F1ED900B25E23 /* Resources */,
			);
			buildRules = (
			);
			dependencies = (
				C1F4DFD12A7F1ED900B25E23 /* PBXTargetDependency */,
			);
			name = "since-you-upUITests";
			productName = "since-you-upUITests";
			productReference = C1F4DFCF2A7F1ED900B25E23 /* since-you-upUITests.xctest */;
			productType = "com.apple.product-type.bundle.ui-testing";
		};
/* End PBXNativeTarget section */

/* Begin PBXProject section */
		C1F4DFAC2A7F1ED800B25E23 /* Project object */ = {
			isa = PBXProject;
			attributes = {
				BuildIndependentTargetsInParallel = 1;
				LastSwiftUpdateCheck = 1430;
				LastUpgradeCheck = 1430;
				TargetAttributes = {
					C1F4DFB32A7F1ED800B25E23 = {
						CreatedOnToolsVersion = 14.3.1;
					};
					C1F4DFC42A7F1ED900B25E23 = {
						CreatedOnToolsVersion = 14.3.1;
						TestTargetID = C1F4DFB32A7F1ED800B25E23;
					};
					C1F4DFCE2A7F1ED900B25E23 = {
						CreatedOnToolsVersion = 14.3.1;
						TestTargetID = C1F4DFB32A7F1ED800B25E23;
					};
				};
			};
			buildConfigurationList = C1F4DFAF2A7F1ED800B25E23 /* Build configuration list for PBXProject "since-you-up" */;
			compatibilityVersion = "Xcode 14.0";
			developmentRegion = en;
			hasScannedForEncodings = 0;
			knownRegions = (
				en,
				Base,
			);
			mainGroup = C1F4DFAB2A7F1ED800B25E23;
			productRefGroup = C1F4DFB52A7F1ED800B25E23 /* Products */;
			projectDirPath = "";
			projectRoot = "";
			targets = (
				C1F4DFB32A7F1ED800B25E23 /* since-you-up */,
				C1F4DFC42A7F1ED900B25E23 /* since-you-upTests */,
				C1F4DFCE2A7F1ED900B25E23 /* since-you-upUITests */,
			);
		};
/* End PBXProject section */

/* Begin PBXResourcesBuildPhase section */
		C1F4DFB22A7F1ED800B25E23 /* Resources */ = {
			isa = PBXResourcesBuildPhase;
			buildActionMask = 2147483647;
			files = (
				C1F4DFC02A7F1ED900B25E23 /* Preview Assets.xcassets in Resources */,
				C1F4DFBC2A7F1ED900B25E23 /* Assets.xcassets in Resources */,
			);
			runOnlyForDeploymentPostprocessing = 0;
		};
		C1F4DFC32A7F1ED900B25E23 /* Resources */ = {
			isa = PBXResourcesBuildPhase;
			buildActionMask = 2147483647;
			files = (
			);
			runOnlyForDeploymentPostprocessing = 0;
		};
		C1F4DFCD2A7F1ED900B25E23 /* Resources */ = {
			isa = PBXResourcesBuildPhase;
			buildActionMask = 2147483647;
			files = (
			);
			runOnlyForDeploymentPostprocessing = 0;
		};
/* End PBXResourcesBuildPhase section */

/* Begin PBXSourcesBuildPhase section */
		C1F4DFB02A7F1ED800B25E23 /* Sources */ = {
			isa = PBXSourcesBuildPhase;
			buildActionMask = 2147483647;
			files = (
				C1F4DFBA2A7F1ED800B25E23 /* ContentView.swift in Sources */,
				C1E63D652A9B7F5500108995 /* ViewScreen.swift in Sources */,
				C1F4DFB82A7F1ED800B25E23 /* since_you_upApp.swift in Sources */,
			);
			runOnlyForDeploymentPostprocessing = 0;
		};
		C1F4DFC12A7F1ED900B25E23 /* Sources */ = {
			isa = PBXSourcesBuildPhase;
			buildActionMask = 2147483647;
			files = (
				C1F4DFCA2A7F1ED900B25E23 /* since_you_upTests.swift in Sources */,
			);
			runOnlyForDeploymentPostprocessing = 0;
		};
		C1F4DFCB2A7F1ED900B25E23 /* Sources */ = {
			isa = PBXSourcesBuildPhase;
			buildActionMask = 2147483647;
			files = (
				C1F4DFD62A7F1ED900B25E23 /* since_you_upUITestsLaunchTests.swift in Sources */,
				C1F4DFD42A7F1ED900B25E23 /* since_you_upUITests.swift in Sources */,
			);
			runOnlyForDeploymentPostprocessing = 0;
		};
/* End PBXSourcesBuildPhase section */

/* Begin PBXTargetDependency section */
		C1F4DFC72A7F1ED900B25E23 /* PBXTargetDependency */ = {
			isa = PBXTargetDependency;
			target = C1F4DFB32A7F1ED800B25E23 /* since-you-up */;
			targetProxy = C1F4DFC62A7F1ED900B25E23 /* PBXContainerItemProxy */;
		};
		C1F4DFD12A7F1ED900B25E23 /* PBXTargetDependency */ = {
			isa = PBXTargetDependency;
			target = C1F4DFB32A7F1ED800B25E23 /* since-you-up */;
			targetProxy = C1F4DFD02A7F1ED900B25E23 /* PBXContainerItemProxy */;
		};
/* End PBXTargetDependency section */

/* Begin XCBuildConfiguration section */
		C1F4DFD72A7F1ED900B25E23 /* Debug */ = {
			isa = XCBuildConfiguration;
			buildSettings = {
				ALWAYS_SEARCH_USER_PATHS = NO;
				CLANG_ANALYZER_NONNULL = YES;
				CLANG_ANALYZER_NUMBER_OBJECT_CONVERSION = YES_AGGRESSIVE;
				CLANG_CXX_LANGUAGE_STANDARD = "gnu++20";
				CLANG_ENABLE_MODULES = YES;
				CLANG_ENABLE_OBJC_ARC = YES;
				CLANG_ENABLE_OBJC_WEAK = YES;
				CLANG_WARN_BLOCK_CAPTURE_AUTORELEASING = YES;
				CLANG_WARN_BOOL_CONVERSION = YES;
				CLANG_WARN_COMMA = YES;
				CLANG_WARN_CONSTANT_CONVERSION = YES;
				CLANG_WARN_DEPRECATED_OBJC_IMPLEMENTATIONS = YES;
				CLANG_WARN_DIRECT_OBJC_ISA_USAGE = YES_ERROR;
				CLANG_WARN_DOCUMENTATION_COMMENTS = YES;
				CLANG_WARN_EMPTY_BODY = YES;
				CLANG_WARN_ENUM_CONVERSION = YES;
				CLANG_WARN_INFINITE_RECURSION = YES;
				CLANG_WARN_INT_CONVERSION = YES;
				CLANG_WARN_NON_LITERAL_NULL_CONVERSION = YES;
				CLANG_WARN_OBJC_IMPLICIT_RETAIN_SELF = YES;
				CLANG_WARN_OBJC_LITERAL_CONVERSION = YES;
				CLANG_WARN_OBJC_ROOT_CLASS = YES_ERROR;
				CLANG_WARN_QUOTED_INCLUDE_IN_FRAMEWORK_HEADER = YES;
				CLANG_WARN_RANGE_LOOP_ANALYSIS = YES;
				CLANG_WARN_STRICT_PROTOTYPES = YES;
				CLANG_WARN_SUSPICIOUS_MOVE = YES;
				CLANG_WARN_UNGUARDED_AVAILABILITY = YES_AGGRESSIVE;
				CLANG_WARN_UNREACHABLE_CODE = YES;
				CLANG_WARN__DUPLICATE_METHOD_MATCH = YES;
				COPY_PHASE_STRIP = NO;
				DEBUG_INFORMATION_FORMAT = dwarf;
				ENABLE_STRICT_OBJC_MSGSEND = YES;
				ENABLE_TESTABILITY = YES;
				GCC_C_LANGUAGE_STANDARD = gnu11;
				GCC_DYNAMIC_NO_PIC = NO;
				GCC_NO_COMMON_BLOCKS = YES;
				GCC_OPTIMIZATION_LEVEL = 0;
				GCC_PREPROCESSOR_DEFINITIONS = (
					"DEBUG=1",
					"$(inherited)",
				);
				GCC_WARN_64_TO_32_BIT_CONVERSION = YES;
				GCC_WARN_ABOUT_RETURN_TYPE = YES_ERROR;
				GCC_WARN_UNDECLARED_SELECTOR = YES;
				GCC_WARN_UNINITIALIZED_AUTOS = YES_AGGRESSIVE;
				GCC_WARN_UNUSED_FUNCTION = YES;
				GCC_WARN_UNUSED_VARIABLE = YES;
				MTL_ENABLE_DEBUG_INFO = INCLUDE_SOURCE;
				MTL_FAST_MATH = YES;
				ONLY_ACTIVE_ARCH = YES;
				SWIFT_ACTIVE_COMPILATION_CONDITIONS = DEBUG;
				SWIFT_OPTIMIZATION_LEVEL = "-Onone";
			};
			name = Debug;
		};
		C1F4DFD82A7F1ED900B25E23 /* Release */ = {
			isa = XCBuildConfiguration;
			buildSettings = {
				ALWAYS_SEARCH_USER_PATHS = NO;
				CLANG_ANALYZER_NONNULL = YES;
				CLANG_ANALYZER_NUMBER_OBJECT_CONVERSION = YES_AGGRESSIVE;
				CLANG_CXX_LANGUAGE_STANDARD = "gnu++20";
				CLANG_ENABLE_MODULES = YES;
				CLANG_ENABLE_OBJC_ARC = YES;
				CLANG_ENABLE_OBJC_WEAK = YES;
				CLANG_WARN_BLOCK_CAPTURE_AUTORELEASING = YES;
				CLANG_WARN_BOOL_CONVERSION = YES;
				CLANG_WARN_COMMA = YES;
				CLANG_WARN_CONSTANT_CONVERSION = YES;
				CLANG_WARN_DEPRECATED_OBJC_IMPLEMENTATIONS = YES;
				CLANG_WARN_DIRECT_OBJC_ISA_USAGE = YES_ERROR;
				CLANG_WARN_DOCUMENTATION_COMMENTS = YES;
				CLANG_WARN_EMPTY_BODY = YES;
				CLANG_WARN_ENUM_CONVERSION = YES;
				CLANG_WARN_INFINITE_RECURSION = YES;
				CLANG_WARN_INT_CONVERSION = YES;
				CLANG_WARN_NON_LITERAL_NULL_CONVERSION = YES;
				CLANG_WARN_OBJC_IMPLICIT_RETAIN_SELF = YES;
				CLANG_WARN_OBJC_LITERAL_CONVERSION = YES;
				CLANG_WARN_OBJC_ROOT_CLASS = YES_ERROR;
				CLANG_WARN_QUOTED_INCLUDE_IN_FRAMEWORK_HEADER = YES;
				CLANG_WARN_RANGE_LOOP_ANALYSIS = YES;
				CLANG_WARN_STRICT_PROTOTYPES = YES;
				CLANG_WARN_SUSPICIOUS_MOVE = YES;
				CLANG_WARN_UNGUARDED_AVAILABILITY = YES_AGGRESSIVE;
				CLANG_WARN_UNREACHABLE_CODE = YES;
				CLANG_WARN__DUPLICATE_METHOD_MATCH = YES;
				COPY_PHASE_STRIP = NO;
				DEBUG_INFORMATION_FORMAT = "dwarf-with-dsym";
				ENABLE_NS_ASSERTIONS = NO;
				ENABLE_STRICT_OBJC_MSGSEND = YES;
				GCC_C_LANGUAGE_STANDARD = gnu11;
				GCC_NO_COMMON_BLOCKS = YES;
				GCC_WARN_64_TO_32_BIT_CONVERSION = YES;
				GCC_WARN_ABOUT_RETURN_TYPE = YES_ERROR;
				GCC_WARN_UNDECLARED_SELECTOR = YES;
				GCC_WARN_UNINITIALIZED_AUTOS = YES_AGGRESSIVE;
				GCC_WARN_UNUSED_FUNCTION = YES;
				GCC_WARN_UNUSED_VARIABLE = YES;
				MTL_ENABLE_DEBUG_INFO = NO;
				MTL_FAST_MATH = YES;
				SWIFT_COMPILATION_MODE = wholemodule;
				SWIFT_OPTIMIZATION_LEVEL = "-O";
			};
			name = Release;
		};
		C1F4DFDA2A7F1ED900B25E23 /* Debug */ = {
			isa = XCBuildConfiguration;
			buildSettings = {
				ASSETCATALOG_COMPILER_APPICON_NAME = AppIcon;
				ASSETCATALOG_COMPILER_GLOBAL_ACCENT_COLOR_NAME = AccentColor;
				CODE_SIGN_ENTITLEMENTS = "since-you-up/since_you_up.entitlements";
				CODE_SIGN_STYLE = Automatic;
				CURRENT_PROJECT_VERSION = 1;
				DEVELOPMENT_ASSET_PATHS = "\"since-you-up/Preview Content\"";
				ENABLE_PREVIEWS = YES;
				GENERATE_INFOPLIST_FILE = YES;
				"INFOPLIST_KEY_UIApplicationSceneManifest_Generation[sdk=iphoneos*]" = YES;
				"INFOPLIST_KEY_UIApplicationSceneManifest_Generation[sdk=iphonesimulator*]" = YES;
				"INFOPLIST_KEY_UIApplicationSupportsIndirectInputEvents[sdk=iphoneos*]" = YES;
				"INFOPLIST_KEY_UIApplicationSupportsIndirectInputEvents[sdk=iphonesimulator*]" = YES;
				"INFOPLIST_KEY_UILaunchScreen_Generation[sdk=iphoneos*]" = YES;
				"INFOPLIST_KEY_UILaunchScreen_Generation[sdk=iphonesimulator*]" = YES;
				"INFOPLIST_KEY_UIStatusBarStyle[sdk=iphoneos*]" = UIStatusBarStyleDefault;
				"INFOPLIST_KEY_UIStatusBarStyle[sdk=iphonesimulator*]" = UIStatusBarStyleDefault;
				INFOPLIST_KEY_UISupportedInterfaceOrientations_iPad = "UIInterfaceOrientationPortrait UIInterfaceOrientationPortraitUpsideDown UIInterfaceOrientationLandscapeLeft UIInterfaceOrientationLandscapeRight";
				INFOPLIST_KEY_UISupportedInterfaceOrientations_iPhone = "UIInterfaceOrientationPortrait UIInterfaceOrientationLandscapeLeft UIInterfaceOrientationLandscapeRight";
				IPHONEOS_DEPLOYMENT_TARGET = 16.4;
				LD_RUNPATH_SEARCH_PATHS = "@executable_path/Frameworks";
				"LD_RUNPATH_SEARCH_PATHS[sdk=macosx*]" = "@executable_path/../Frameworks";
				MACOSX_DEPLOYMENT_TARGET = 13.3;
				MARKETING_VERSION = 1.0;
				PRODUCT_BUNDLE_IDENTIFIER = "com.since.you.up.since-you-up";
				PRODUCT_NAME = "$(TARGET_NAME)";
				SDKROOT = auto;
				SUPPORTED_PLATFORMS = "iphoneos iphonesimulator macosx";
				SWIFT_EMIT_LOC_STRINGS = YES;
				SWIFT_VERSION = 5.0;
				TARGETED_DEVICE_FAMILY = "1,2";
			};
			name = Debug;
		};
		C1F4DFDB2A7F1ED900B25E23 /* Release */ = {
			isa = XCBuildConfiguration;
			buildSettings = {
				ASSETCATALOG_COMPILER_APPICON_NAME = AppIcon;
				ASSETCATALOG_COMPILER_GLOBAL_ACCENT_COLOR_NAME = AccentColor;
				CODE_SIGN_ENTITLEMENTS = "since-you-up/since_you_up.entitlements";
				CODE_SIGN_STYLE = Automatic;
				CURRENT_PROJECT_VERSION = 1;
				DEVELOPMENT_ASSET_PATHS = "\"since-you-up/Preview Content\"";
				ENABLE_PREVIEWS = YES;
				GENERATE_INFOPLIST_FILE = YES;
				"INFOPLIST_KEY_UIApplicationSceneManifest_Generation[sdk=iphoneos*]" = YES;
				"INFOPLIST_KEY_UIApplicationSceneManifest_Generation[sdk=iphonesimulator*]" = YES;
				"INFOPLIST_KEY_UIApplicationSupportsIndirectInputEvents[sdk=iphoneos*]" = YES;
				"INFOPLIST_KEY_UIApplicationSupportsIndirectInputEvents[sdk=iphonesimulator*]" = YES;
				"INFOPLIST_KEY_UILaunchScreen_Generation[sdk=iphoneos*]" = YES;
				"INFOPLIST_KEY_UILaunchScreen_Generation[sdk=iphonesimulator*]" = YES;
				"INFOPLIST_KEY_UIStatusBarStyle[sdk=iphoneos*]" = UIStatusBarStyleDefault;
				"INFOPLIST_KEY_UIStatusBarStyle[sdk=iphonesimulator*]" = UIStatusBarStyleDefault;
				INFOPLIST_KEY_UISupportedInterfaceOrientations_iPad = "UIInterfaceOrientationPortrait UIInterfaceOrientationPortraitUpsideDown UIInterfaceOrientationLandscapeLeft UIInterfaceOrientationLandscapeRight";
				INFOPLIST_KEY_UISupportedInterfaceOrientations_iPhone = "UIInterfaceOrientationPortrait UIInterfaceOrientationLandscapeLeft UIInterfaceOrientationLandscapeRight";
				IPHONEOS_DEPLOYMENT_TARGET = 16.4;
				LD_RUNPATH_SEARCH_PATHS = "@executable_path/Frameworks";
				"LD_RUNPATH_SEARCH_PATHS[sdk=macosx*]" = "@executable_path/../Frameworks";
				MACOSX_DEPLOYMENT_TARGET = 13.3;
				MARKETING_VERSION = 1.0;
				PRODUCT_BUNDLE_IDENTIFIER = "com.since.you.up.since-you-up";
				PRODUCT_NAME = "$(TARGET_NAME)";
				SDKROOT = auto;
				SUPPORTED_PLATFORMS = "iphoneos iphonesimulator macosx";
				SWIFT_EMIT_LOC_STRINGS = YES;
				SWIFT_VERSION = 5.0;
				TARGETED_DEVICE_FAMILY = "1,2";
			};
			name = Release;
		};
		C1F4DFDD2A7F1ED900B25E23 /* Debug */ = {
			isa = XCBuildConfiguration;
			buildSettings = {
				ALWAYS_EMBED_SWIFT_STANDARD_LIBRARIES = YES;
				BUNDLE_LOADER = "$(TEST_HOST)";
				CODE_SIGN_STYLE = Automatic;
				CURRENT_PROJECT_VERSION = 1;
				GENERATE_INFOPLIST_FILE = YES;
				IPHONEOS_DEPLOYMENT_TARGET = 16.4;
				MACOSX_DEPLOYMENT_TARGET = 13.3;
				MARKETING_VERSION = 1.0;
				PRODUCT_BUNDLE_IDENTIFIER = "com.since.you.up.since-you-upTests";
				PRODUCT_NAME = "$(TARGET_NAME)";
				SDKROOT = auto;
				SUPPORTED_PLATFORMS = "iphoneos iphonesimulator macosx";
				SWIFT_EMIT_LOC_STRINGS = NO;
				SWIFT_VERSION = 5.0;
				TARGETED_DEVICE_FAMILY = "1,2";
				TEST_HOST = "$(BUILT_PRODUCTS_DIR)/since-you-up.app/$(BUNDLE_EXECUTABLE_FOLDER_PATH)/since-you-up";
			};
			name = Debug;
		};
		C1F4DFDE2A7F1ED900B25E23 /* Release */ = {
			isa = XCBuildConfiguration;
			buildSettings = {
				ALWAYS_EMBED_SWIFT_STANDARD_LIBRARIES = YES;
				BUNDLE_LOADER = "$(TEST_HOST)";
				CODE_SIGN_STYLE = Automatic;
				CURRENT_PROJECT_VERSION = 1;
				GENERATE_INFOPLIST_FILE = YES;
				IPHONEOS_DEPLOYMENT_TARGET = 16.4;
				MACOSX_DEPLOYMENT_TARGET = 13.3;
				MARKETING_VERSION = 1.0;
				PRODUCT_BUNDLE_IDENTIFIER = "com.since.you.up.since-you-upTests";
				PRODUCT_NAME = "$(TARGET_NAME)";
				SDKROOT = auto;
				SUPPORTED_PLATFORMS = "iphoneos iphonesimulator macosx";
				SWIFT_EMIT_LOC_STRINGS = NO;
				SWIFT_VERSION = 5.0;
				TARGETED_DEVICE_FAMILY = "1,2";
				TEST_HOST = "$(BUILT_PRODUCTS_DIR)/since-you-up.app/$(BUNDLE_EXECUTABLE_FOLDER_PATH)/since-you-up";
			};
			name = Release;
		};
		C1F4DFE02A7F1ED900B25E23 /* Debug */ = {
			isa = XCBuildConfiguration;
			buildSettings = {
				ALWAYS_EMBED_SWIFT_STANDARD_LIBRARIES = YES;
				CODE_SIGN_STYLE = Automatic;
				CURRENT_PROJECT_VERSION = 1;
				GENERATE_INFOPLIST_FILE = YES;
				IPHONEOS_DEPLOYMENT_TARGET = 16.4;
				MACOSX_DEPLOYMENT_TARGET = 13.3;
				MARKETING_VERSION = 1.0;
				PRODUCT_BUNDLE_IDENTIFIER = "com.since.you.up.since-you-upUITests";
				PRODUCT_NAME = "$(TARGET_NAME)";
				SDKROOT = auto;
				SUPPORTED_PLATFORMS = "iphoneos iphonesimulator macosx";
				SWIFT_EMIT_LOC_STRINGS = NO;
				SWIFT_VERSION = 5.0;
				TARGETED_DEVICE_FAMILY = "1,2";
				TEST_TARGET_NAME = "since-you-up";
			};
			name = Debug;
		};
		C1F4DFE12A7F1ED900B25E23 /* Release */ = {
			isa = XCBuildConfiguration;
			buildSettings = {
				ALWAYS_EMBED_SWIFT_STANDARD_LIBRARIES = YES;
				CODE_SIGN_STYLE = Automatic;
				CURRENT_PROJECT_VERSION = 1;
				GENERATE_INFOPLIST_FILE = YES;
				IPHONEOS_DEPLOYMENT_TARGET = 16.4;
				MACOSX_DEPLOYMENT_TARGET = 13.3;
				MARKETING_VERSION = 1.0;
				PRODUCT_BUNDLE_IDENTIFIER = "com.since.you.up.since-you-upUITests";
				PRODUCT_NAME = "$(TARGET_NAME)";
				SDKROOT = auto;
				SUPPORTED_PLATFORMS = "iphoneos iphonesimulator macosx";
				SWIFT_EMIT_LOC_STRINGS = NO;
				SWIFT_VERSION = 5.0;
				TARGETED_DEVICE_FAMILY = "1,2";
				TEST_TARGET_NAME = "since-you-up";
			};
			name = Release;
		};
/* End XCBuildConfiguration section */

/* Begin XCConfigurationList section */
		C1F4DFAF2A7F1ED800B25E23 /* Build configuration list for PBXProject "since-you-up" */ = {
			isa = XCConfigurationList;
			buildConfigurations = (
				C1F4DFD72A7F1ED900B25E23 /* Debug */,
				C1F4DFD82A7F1ED900B25E23 /* Release */,
			);
			defaultConfigurationIsVisible = 0;
			defaultConfigurationName = Release;
		};
		C1F4DFD92A7F1ED900B25E23 /* Build configuration list for PBXNativeTarget "since-you-up" */ = {
			isa = XCConfigurationList;
			buildConfigurations = (
				C1F4DFDA2A7F1ED900B25E23 /* Debug */,
				C1F4DFDB2A7F1ED900B25E23 /* Release */,
			);
			defaultConfigurationIsVisible = 0;
			defaultConfigurationName = Release;
		};
		C1F4DFDC2A7F1ED900B25E23 /* Build configuration list for PBXNativeTarget "since-you-upTests" */ = {
			isa = XCConfigurationList;
			buildConfigurations = (
				C1F4DFDD2A7F1ED900B25E23 /* Debug */,
				C1F4DFDE2A7F1ED900B25E23 /* Release */,
			);
			defaultConfigurationIsVisible = 0;
			defaultConfigurationName = Release;
		};
		C1F4DFDF2A7F1ED900B25E23 /* Build configuration list for PBXNativeTarget "since-you-upUITests" */ = {
			isa = XCConfigurationList;
			buildConfigurations = (
				C1F4DFE02A7F1ED900B25E23 /* Debug */,
				C1F4DFE12A7F1ED900B25E23 /* Release */,
			);
			defaultConfigurationIsVisible = 0;
			defaultConfigurationName = Release;
		};
/* End XCConfigurationList section */
	};
	rootObject = C1F4DFAC2A7F1ED800B25E23 /* Project object */;
}
